
Microsoft Visual Studio Solution File, Format Version 12.00
# Visual Studio Version 16
VisualStudioVersion = 16.0.29613.14
MinimumVisualStudioVersion = 10.0.40219.1
Project("{FAE04EC0-301F-11D3-BF4B-00C04F79EFBC}") = "FactoryMethod", "FactoryMethod\FactoryMethod.csproj", "{6F9B7A83-86AA-4840-9214-47B3B0826A2A}"
EndProject
Global
	GlobalSection(SolutionConfigurationPlatforms) = preSolution
		Debug|Any CPU = Debug|Any CPU
		Release|Any CPU = Release|Any CPU
	EndGlobalSection
	GlobalSection(ProjectConfigurationPlatforms) = postSolution
		{6F9B7A83-86AA-4840-9214-47B3B0826A2A}.Debug|Any CPU.ActiveCfg = Debug|Any CPU
		{6F9B7A83-86AA-4840-9214-47B3B0826A2A}.Debug|Any CPU.Build.0 = Debug|Any CPU
		{6F9B7A83-86AA-4840-9214-47B3B0826A2A}.Release|Any CPU.ActiveCfg = Release|Any CPU
		{6F9B7A83-86AA-4840-9214-47B3B0826A2A}.Release|Any CPU.Build.0 = Release|Any CPU
	EndGlobalSection
	GlobalSection(SolutionProperties) = preSolution
		HideSolutionNode = FALSE
	EndGlobalSection
	GlobalSection(ExtensibilityGlobals) = postSolution
		SolutionGuid = {ECA99E8F-BC74-420D-A3F5-C43A9CB9DBAB}
	EndGlobalSection
EndGlobal
